{
  "lockfile_version": "1",
  "packages": {
    "elixir@latest": {
      "last_modified": "2024-02-08T11:55:47Z",
      "resolved": "github:NixOS/nixpkgs/c0b7a892fb042ede583bdaecbbdc804acb85eabe#elixir",
      "source": "devbox-search",
      "version": "1.15.7",
      "systems": {
        "aarch64-darwin": {
          "store_path": "/nix/store/d86y8biqihs0aw2b4xawasizw8i413sg-elixir-1.15.7"
        },
        "aarch64-linux": {
          "store_path": "/nix/store/fp4qrmy9lc5r94avr5qb9vdfq7v0r2g8-elixir-1.15.7"
        },
        "x86_64-darwin": {
          "store_path": "/nix/store/8w1d6z2y75qgqivq9s3q6xn7qw2mkias-elixir-1.15.7"
        },
        "x86_64-linux": {
          "store_path": "/nix/store/654a9c35qmfzywq2b2h6hss50snb3djc-elixir-1.15.7"
        }
      }
    },
    "elixir_ls@latest": {
      "last_modified": "2023-03-16T17:26:55Z",
      "resolved": "github:NixOS/nixpkgs/194c2aa446b2b059886bb68be15ef6736d5a8c31#elixir_ls",
      "source": "devbox-search",
      "version": "0.13.0",
      "systems": {
        "aarch64-darwin": {
          "store_path": "/nix/store/km5c2g3v333dn8qfdyk4gxkhzgny0v1n-elixir-ls-0.13.0"
        },
        "aarch64-linux": {
          "store_path": "/nix/store/2s0n6vvshi17la38dmj4qxvqqhp54xwp-elixir-ls-0.13.0"
        },
        "x86_64-darwin": {
          "store_path": "/nix/store/4kzl3wqfdgfiyjwyd4sy64r63i070psy-elixir-ls-0.13.0"
        },
        "x86_64-linux": {
          "store_path": "/nix/store/dmj6zvs029z9v9f5ay5wwz0agkcnqdrb-elixir-ls-0.13.0"
        }
      }
    },
    "elmPackages.elm-format@latest": {
      "last_modified": "2024-01-27T14:55:31Z",
      "resolved": "github:NixOS/nixpkgs/160b762eda6d139ac10ae081f8f78d640dd523eb#elmPackages.elm-format",
      "source": "devbox-search",
      "version": "0.8.7",
      "systems": {
        "aarch64-darwin": {
          "store_path": "/nix/store/162kggsr8xi2c4kkjrw8sbvky0y4kbix-elm-format-0.8.7"
        },
        "aarch64-linux": {
          "store_path": "/nix/store/64k7inhahvcs8i6q607n7v6djv618w7y-elm-format-0.8.7"
        },
        "x86_64-darwin": {
          "store_path": "/nix/store/v9p7gg2banryylbrc1asrhprlasmzym5-elm-format-0.8.7"
        },
        "x86_64-linux": {
          "store_path": "/nix/store/l7j7nzvqyf9cwg5hb7y5ma415c186q12-elm-format-0.8.7"
        }
      }
    },
    "elmPackages.elm-language-server@latest": {
      "last_modified": "2024-01-27T14:55:31Z",
      "resolved": "github:NixOS/nixpkgs/160b762eda6d139ac10ae081f8f78d640dd523eb#elmPackages.elm-language-server",
      "source": "devbox-search",
      "version": "2.8.0",
      "systems": {
        "aarch64-darwin": {
          "store_path": "/nix/store/n6r0vfn4h1k74vip40zgi1xd08iyvrm6-_at_elm-tooling_slash_elm-language-server-2.8.0"
        },
        "aarch64-linux": {
          "store_path": "/nix/store/mxpjs6h1ibzm86n1k2fxick5yzgm0ldn-_at_elm-tooling_slash_elm-language-server-2.8.0"
        },
        "x86_64-darwin": {
          "store_path": "/nix/store/w15v5a1bf44bw17x3jp4543np5jmw7jj-_at_elm-tooling_slash_elm-language-server-2.8.0"
        },
        "x86_64-linux": {
          "store_path": "/nix/store/mrmfvgvm2kn7xmaacprw77xzmwqfxwi0-_at_elm-tooling_slash_elm-language-server-2.8.0"
        }
      }
    },
    "elmPackages.elm@latest": {
      "last_modified": "2024-01-27T14:55:31Z",
      "resolved": "github:NixOS/nixpkgs/160b762eda6d139ac10ae081f8f78d640dd523eb#elmPackages.elm",
      "source": "devbox-search",
      "version": "0.19.1",
      "systems": {
        "aarch64-darwin": {
          "store_path": "/nix/store/n97ycnykfm5k2f50cr0bb85pykfjv8f5-elm-0.19.1"
        },
        "aarch64-linux": {
          "store_path": "/nix/store/fpx8dngy3ca3ldcx0ayyxq8rw94iwfvf-elm-0.19.1"
        },
        "x86_64-darwin": {
          "store_path": "/nix/store/lh9l1y54yg6ff6qmhy68cl9zm87q90mr-elm-0.19.1"
        },
        "x86_64-linux": {
          "store_path": "/nix/store/mv8v7y6pwwswymbf8ddh4yjd95wvqr4j-elm-0.19.1"
        }
      }
    },
    "glibcLocales@latest": {
      "last_modified": "2024-01-27T14:55:31Z",
      "resolved": "github:NixOS/nixpkgs/160b762eda6d139ac10ae081f8f78d640dd523eb#glibcLocales",
      "source": "devbox-search",
      "version": "2.38-27",
      "systems": {
        "aarch64-linux": {
          "store_path": "/nix/store/r7yjws2bq7ps6bivmwrbvvyx6p1g9i68-glibc-locales-2.38-27"
        },
        "x86_64-linux": {
          "store_path": "/nix/store/pvqdhg5snh86jnin6vfn5y4l7x4qs0wb-glibc-locales-2.38-27"
        }
      }
    },
    "inotify-tools@latest": {
      "last_modified": "2024-01-27T14:55:31Z",
      "resolved": "github:NixOS/nixpkgs/160b762eda6d139ac10ae081f8f78d640dd523eb#inotify-tools",
      "source": "devbox-search",
      "version": "4.23.9.0",
      "systems": {
        "aarch64-linux": {
          "store_path": "/nix/store/klda7mipzrbi6apc120p756gqgmvm1bk-inotify-tools-4.23.9.0"
        },
        "x86_64-linux": {
          "store_path": "/nix/store/hfmijz9sc6zh94zn54zmb2434b6df524-inotify-tools-4.23.9.0"
        }
      }
    }
  }
}
